
Microsoft Visual Studio Solution File, Format Version 12.00
# Visual Studio 15
VisualStudioVersion = 15.0.28307.1300
MinimumVisualStudioVersion = 10.0.40219.1
Project("{8BC9CEB8-8B4A-11D0-8D11-00A0C91BC942}") = "HW", "HW\HW.vcxproj", "{DF22C010-D596-4A8D-BEBD-A5635E799242}"
EndProject
Global
	GlobalSection(SolutionConfigurationPlatforms) = preSolution
		Debug|x64 = Debug|x64
		Debug|x86 = Debug|x86
		Release|x64 = Release|x64
		Release|x86 = Release|x86
	EndGlobalSection
	GlobalSection(ProjectConfigurationPlatforms) = postSolution
		{DF22C010-D596-4A8D-BEBD-A5635E799242}.Debug|x64.ActiveCfg = Debug|x64
		{DF22C010-D596-4A8D-BEBD-A5635E799242}.Debug|x64.Build.0 = Debug|x64
		{DF22C010-D596-4A8D-BEBD-A5635E799242}.Debug|x86.ActiveCfg = Debug|Win32
		{DF22C010-D596-4A8D-BEBD-A5635E799242}.Debug|x86.Build.0 = Debug|Win32
		{DF22C010-D596-4A8D-BEBD-A5635E799242}.Release|x64.ActiveCfg = Release|x64
		{DF22C010-D596-4A8D-BEBD-A5635E799242}.Release|x64.Build.0 = Release|x64
		{DF22C010-D596-4A8D-BEBD-A5635E799242}.Release|x86.ActiveCfg = Release|Win32
		{DF22C010-D596-4A8D-BEBD-A5635E799242}.Release|x86.Build.0 = Release|Win32
	EndGlobalSection
	GlobalSection(SolutionProperties) = preSolution
		HideSolutionNode = FALSE
	EndGlobalSection
	GlobalSection(ExtensibilityGlobals) = postSolution
		SolutionGuid = {BA803CBE-CB74-4E29-853F-7C8C79BDD414}
	EndGlobalSection
EndGlobal
